// !$*UTF8*$!
{
	archiveVersion = 1;
	classes = {
	};
	objectVersion = 46;
	objects = {

/* Begin PBXBuildFile section */
		DF87070B1C118B2100600DC5 /* main.m in Sources */ = {isa = PBXBuildFile; fileRef = DF87070A1C118B2100600DC5 /* main.m */; };
		DF87070E1C118B2100600DC5 /* AppDelegate.m in Sources */ = {isa = PBXBuildFile; fileRef = DF87070D1C118B2100600DC5 /* AppDelegate.m */; };
		DF8707111C118B2100600DC5 /* ViewController.m in Sources */ = {isa = PBXBuildFile; fileRef = DF8707101C118B2100600DC5 /* ViewController.m */; };
		DF8707141C118B2100600DC5 /* Main.storyboard in Resources */ = {isa = PBXBuildFile; fileRef = DF8707121C118B2100600DC5 /* Main.storyboard */; };
		DF8707161C118B2100600DC5 /* Images.xcassets in Resources */ = {isa = PBXBuildFile; fileRef = DF8707151C118B2100600DC5 /* Images.xcassets */; };
		DF8707191C118B2100600DC5 /* LaunchScreen.xib in Resources */ = {isa = PBXBuildFile; fileRef = DF8707171C118B2100600DC5 /* LaunchScreen.xib */; };
		DF8707251C118B2100600DC5 /* __Tests.m in Sources */ = {isa = PBXBuildFile; fileRef = DF8707241C118B2100600DC5 /* __Tests.m */; };
/* End PBXBuildFile section */

/* Begin PBXContainerItemProxy section */
		DF87071F1C118B2100600DC5 /* PBXContainerItemProxy */ = {
			isa = PBXContainerItemProxy;
			containerPortal = DF8706FD1C118B2100600DC5 /* Project object */;
			proxyType = 1;
			remoteGlobalIDString = DF8707041C118B2100600DC5;
			remoteInfo = "好筑";
		};
/* End PBXContainerItemProxy section */

/* Begin PBXFileReference section */
		DF8707051C118B2100600DC5 /* 好筑.app */ = {isa = PBXFileReference; explicitFileType = wrapper.application; includeInIndex = 0; path = "好筑.app"; sourceTree = BUILT_PRODUCTS_DIR; };
		DF8707091C118B2100600DC5 /* Info.plist */ = {isa = PBXFileReference; lastKnownFileType = text.plist.xml; path = Info.plist; sourceTree = "<group>"; };
		DF87070A1C118B2100600DC5 /* main.m */ = {isa = PBXFileReference; lastKnownFileType = sourcecode.c.objc; path = main.m; sourceTree = "<group>"; };
		DF87070C1C118B2100600DC5 /* AppDelegate.h */ = {isa = PBXFileReference; lastKnownFileType = sourcecode.c.h; path = AppDelegate.h; sourceTree = "<group>"; };
		DF87070D1C118B2100600DC5 /* AppDelegate.m */ = {isa = PBXFileReference; lastKnownFileType = sourcecode.c.objc; path = AppDelegate.m; sourceTree = "<group>"; };
		DF87070F1C118B2100600DC5 /* ViewController.h */ = {isa = PBXFileReference; lastKnownFileType = sourcecode.c.h; path = ViewController.h; sourceTree = "<group>"; };
		DF8707101C118B2100600DC5 /* ViewController.m */ = {isa = PBXFileReference; lastKnownFileType = sourcecode.c.objc; path = ViewController.m; sourceTree = "<group>"; };
		DF8707131C118B2100600DC5 /* Base */ = {isa = PBXFileReference; lastKnownFileType = file.storyboard; name = Base; path = Base.lproj/Main.storyboard; sourceTree = "<group>"; };
		DF8707151C118B2100600DC5 /* Images.xcassets */ = {isa = PBXFileReference; lastKnownFileType = folder.assetcatalog; path = Images.xcassets; sourceTree = "<group>"; };
		DF8707181C118B2100600DC5 /* Base */ = {isa = PBXFileReference; lastKnownFileType = file.xib; name = Base; path = Base.lproj/LaunchScreen.xib; sourceTree = "<group>"; };
		DF87071E1C118B2100600DC5 /* 好筑Tests.xctest */ = {isa = PBXFileReference; explicitFileType = wrapper.cfbundle; includeInIndex = 0; path = "好筑Tests.xctest"; sourceTree = BUILT_PRODUCTS_DIR; };
		DF8707231C118B2100600DC5 /* Info.plist */ = {isa = PBXFileReference; lastKnownFileType = text.plist.xml; path = Info.plist; sourceTree = "<group>"; };
		DF8707241C118B2100600DC5 /* __Tests.m */ = {isa = PBXFileReference; lastKnownFileType = sourcecode.c.objc; path = __Tests.m; sourceTree = "<group>"; };
/* End PBXFileReference section */

/* Begin PBXFrameworksBuildPhase section */
		DF8707021C118B2100600DC5 /* Frameworks */ = {
			isa = PBXFrameworksBuildPhase;
			buildActionMask = 2147483647;
			files = (
			);
			runOnlyForDeploymentPostprocessing = 0;
		};
		DF87071B1C118B2100600DC5 /* Frameworks */ = {
			isa = PBXFrameworksBuildPhase;
			buildActionMask = 2147483647;
			files = (
			);
			runOnlyForDeploymentPostprocessing = 0;
		};
/* End PBXFrameworksBuildPhase section */

/* Begin PBXGroup section */
		DF8706FC1C118B2000600DC5 = {
			isa = PBXGroup;
			children = (
				DF8707071C118B2100600DC5 /* 好筑 */,
				DF8707211C118B2100600DC5 /* 好筑Tests */,
				DF8707061C118B2100600DC5 /* Products */,
			);
			sourceTree = "<group>";
		};
		DF8707061C118B2100600DC5 /* Products */ = {
			isa = PBXGroup;
			children = (
				DF8707051C118B2100600DC5 /* 好筑.app */,
				DF87071E1C118B2100600DC5 /* 好筑Tests.xctest */,
			);
			name = Products;
			sourceTree = "<group>";
		};
		DF8707071C118B2100600DC5 /* 好筑 */ = {
			isa = PBXGroup;
			children = (
				DF87070C1C118B2100600DC5 /* AppDelegate.h */,
				DF87070D1C118B2100600DC5 /* AppDelegate.m */,
				DF87070F1C118B2100600DC5 /* ViewController.h */,
				DF8707101C118B2100600DC5 /* ViewController.m */,
				DF8707121C118B2100600DC5 /* Main.storyboard */,
				DF8707151C118B2100600DC5 /* Images.xcassets */,
				DF8707171C118B2100600DC5 /* LaunchScreen.xib */,
				DF8707081C118B2100600DC5 /* Supporting Files */,
			);
			path = "好筑";
			sourceTree = "<group>";
		};
		DF8707081C118B2100600DC5 /* Supporting Files */ = {
			isa = PBXGroup;
			children = (
				DF8707091C118B2100600DC5 /* Info.plist */,
				DF87070A1C118B2100600DC5 /* main.m */,
			);
			name = "Supporting Files";
			sourceTree = "<group>";
		};
		DF8707211C118B2100600DC5 /* 好筑Tests */ = {
			isa = PBXGroup;
			children = (
				DF8707241C118B2100600DC5 /* __Tests.m */,
				DF8707221C118B2100600DC5 /* Supporting Files */,
			);
			path = "好筑Tests";
			sourceTree = "<group>";
		};
		DF8707221C118B2100600DC5 /* Supporting Files */ = {
			isa = PBXGroup;
			children = (
				DF8707231C118B2100600DC5 /* Info.plist */,
			);
			name = "Supporting Files";
			sourceTree = "<group>";
		};
/* End PBXGroup section */

/* Begin PBXNativeTarget section */
		DF8707041C118B2100600DC5 /* 好筑 */ = {
			isa = PBXNativeTarget;
			buildConfigurationList = DF8707281C118B2100600DC5 /* Build configuration list for PBXNativeTarget "好筑" */;
			buildPhases = (
				DF8707011C118B2100600DC5 /* Sources */,
				DF8707021C118B2100600DC5 /* Frameworks */,
				DF8707031C118B2100600DC5 /* Resources */,
			);
			buildRules = (
			);
			dependencies = (
			);
			name = "好筑";
			productName = "好筑";
			productReference = DF8707051C118B2100600DC5 /* 好筑.app */;
			productType = "com.apple.product-type.application";
		};
		DF87071D1C118B2100600DC5 /* 好筑Tests */ = {
			isa = PBXNativeTarget;
			buildConfigurationList = DF87072B1C118B2100600DC5 /* Build configuration list for PBXNativeTarget "好筑Tests" */;
			buildPhases = (
				DF87071A1C118B2100600DC5 /* Sources */,
				DF87071B1C118B2100600DC5 /* Frameworks */,
				DF87071C1C118B2100600DC5 /* Resources */,
			);
			buildRules = (
			);
			dependencies = (
				DF8707201C118B2100600DC5 /* PBXTargetDependency */,
			);
			name = "好筑Tests";
			productName = "好筑Tests";
			productReference = DF87071E1C118B2100600DC5 /* 好筑Tests.xctest */;
			productType = "com.apple.product-type.bundle.unit-test";
		};
/* End PBXNativeTarget section */

/* Begin PBXProject section */
		DF8706FD1C118B2100600DC5 /* Project object */ = {
			isa = PBXProject;
			attributes = {
				LastUpgradeCheck = 0620;
				ORGANIZATIONNAME = Zs;
				TargetAttributes = {
					DF8707041C118B2100600DC5 = {
						CreatedOnToolsVersion = 6.2;
					};
					DF87071D1C118B2100600DC5 = {
						CreatedOnToolsVersion = 6.2;
						TestTargetID = DF8707041C118B2100600DC5;
					};
				};
			};
			buildConfigurationList = DF8707001C118B2100600DC5 /* Build configuration list for PBXProject "好筑" */;
			compatibilityVersion = "Xcode 3.2";
			developmentRegion = English;
			hasScannedForEncodings = 0;
			knownRegions = (
				en,
				Base,
			);
			mainGroup = DF8706FC1C118B2000600DC5;
			productRefGroup = DF8707061C118B2100600DC5 /* Products */;
			projectDirPath = "";
			projectRoot = "";
			targets = (
				DF8707041C118B2100600DC5 /* 好筑 */,
				DF87071D1C118B2100600DC5 /* 好筑Tests */,
			);
		};
/* End PBXProject section */

/* Begin PBXResourcesBuildPhase section */
		DF8707031C118B2100600DC5 /* Resources */ = {
			isa = PBXResourcesBuildPhase;
			buildActionMask = 2147483647;
			files = (
				DF8707141C118B2100600DC5 /* Main.storyboard in Resources */,
				DF8707191C118B2100600DC5 /* LaunchScreen.xib in Resources */,
				DF8707161C118B2100600DC5 /* Images.xcassets in Resources */,
			);
			runOnlyForDeploymentPostprocessing = 0;
		};
		DF87071C1C118B2100600DC5 /* Resources */ = {
			isa = PBXResourcesBuildPhase;
			buildActionMask = 2147483647;
			files = (
			);
			runOnlyForDeploymentPostprocessing = 0;
		};
/* End PBXResourcesBuildPhase section */

/* Begin PBXSourcesBuildPhase section */
		DF8707011C118B2100600DC5 /* Sources */ = {
			isa = PBXSourcesBuildPhase;
			buildActionMask = 2147483647;
			files = (
				DF8707111C118B2100600DC5 /* ViewController.m in Sources */,
				DF87070E1C118B2100600DC5 /* AppDelegate.m in Sources */,
				DF87070B1C118B2100600DC5 /* main.m in Sources */,
			);
			runOnlyForDeploymentPostprocessing = 0;
		};
		DF87071A1C118B2100600DC5 /* Sources */ = {
			isa = PBXSourcesBuildPhase;
			buildActionMask = 2147483647;
			files = (
				DF8707251C118B2100600DC5 /* __Tests.m in Sources */,
			);
			runOnlyForDeploymentPostprocessing = 0;
		};
/* End PBXSourcesBuildPhase section */

/* Begin PBXTargetDependency section */
		DF8707201C118B2100600DC5 /* PBXTargetDependency */ = {
			isa = PBXTargetDependency;
			target = DF8707041C118B2100600DC5 /* 好筑 */;
			targetProxy = DF87071F1C118B2100600DC5 /* PBXContainerItemProxy */;
		};
/* End PBXTargetDependency section */

/* Begin PBXVariantGroup section */
		DF8707121C118B2100600DC5 /* Main.storyboard */ = {
			isa = PBXVariantGroup;
			children = (
				DF8707131C118B2100600DC5 /* Base */,
			);
			name = Main.storyboard;
			sourceTree = "<group>";
		};
		DF8707171C118B2100600DC5 /* LaunchScreen.xib */ = {
			isa = PBXVariantGroup;
			children = (
				DF8707181C118B2100600DC5 /* Base */,
			);
			name = LaunchScreen.xib;
			sourceTree = "<group>";
		};
/* End PBXVariantGroup section */

/* Begin XCBuildConfiguration section */
		DF8707261C118B2100600DC5 /* Debug */ = {
			isa = XCBuildConfiguration;
			buildSettings = {
				ALWAYS_SEARCH_USER_PATHS = NO;
				CLANG_CXX_LANGUAGE_STANDARD = "gnu++0x";
				CLANG_CXX_LIBRARY = "libc++";
				CLANG_ENABLE_MODULES = YES;
				CLANG_ENABLE_OBJC_ARC = YES;
				CLANG_WARN_BOOL_CONVERSION = YES;
				CLANG_WARN_CONSTANT_CONVERSION = YES;
				CLANG_WARN_DIRECT_OBJC_ISA_USAGE = YES_ERROR;
				CLANG_WARN_EMPTY_BODY = YES;
				CLANG_WARN_ENUM_CONVERSION = YES;
				CLANG_WARN_INT_CONVERSION = YES;
				CLANG_WARN_OBJC_ROOT_CLASS = YES_ERROR;
				CLANG_WARN_UNREACHABLE_CODE = YES;
				CLANG_WARN__DUPLICATE_METHOD_MATCH = YES;
				"CODE_SIGN_IDENTITY[sdk=iphoneos*]" = "iPhone Developer";
				COPY_PHASE_STRIP = NO;
				ENABLE_STRICT_OBJC_MSGSEND = YES;
				GCC_C_LANGUAGE_STANDARD = gnu99;
				GCC_DYNAMIC_NO_PIC = NO;
				GCC_OPTIMIZATION_LEVEL = 0;
				GCC_PREPROCESSOR_DEFINITIONS = (
					"DEBUG=1",
					"$(inherited)",
				);
				GCC_SYMBOLS_PRIVATE_EXTERN = NO;
				GCC_WARN_64_TO_32_BIT_CONVERSION = YES;
				GCC_WARN_ABOUT_RETURN_TYPE = YES_ERROR;
				GCC_WARN_UNDECLARED_SELECTOR = YES;
				GCC_WARN_UNINITIALIZED_AUTOS = YES_AGGRESSIVE;
				GCC_WARN_UNUSED_FUNCTION = YES;
				GCC_WARN_UNUSED_VARIABLE = YES;
				IPHONEOS_DEPLOYMENT_TARGET = 8.2;
				MTL_ENABLE_DEBUG_INFO = YES;
				ONLY_ACTIVE_ARCH = YES;
				SDKROOT = iphoneos;
			};
			name = Debug;
		};
		DF8707271C118B2100600DC5 /* Release */ = {
			isa = XCBuildConfiguration;
			buildSettings = {
				ALWAYS_SEARCH_USER_PATHS = NO;
				CLANG_CXX_LANGUAGE_STANDARD = "gnu++0x";
				CLANG_CXX_LIBRARY = "libc++";
				CLANG_ENABLE_MODULES = YES;
				CLANG_ENABLE_OBJC_ARC = YES;
				CLANG_WARN_BOOL_CONVERSION = YES;
				CLANG_WARN_CONSTANT_CONVERSION = YES;
				CLANG_WARN_DIRECT_OBJC_ISA_USAGE = YES_ERROR;
				CLANG_WARN_EMPTY_BODY = YES;
				CLANG_WARN_ENUM_CONVERSION = YES;
				CLANG_WARN_INT_CONVERSION = YES;
				CLANG_WARN_OBJC_ROOT_CLASS = YES_ERROR;
				CLANG_WARN_UNREACHABLE_CODE = YES;
				CLANG_WARN__DUPLICATE_METHOD_MATCH = YES;
				"CODE_SIGN_IDENTITY[sdk=iphoneos*]" = "iPhone Developer";
				COPY_PHASE_STRIP = NO;
				ENABLE_NS_ASSERTIONS = NO;
				ENABLE_STRICT_OBJC_MSGSEND = YES;
				GCC_C_LANGUAGE_STANDARD = gnu99;
				GCC_WARN_64_TO_32_BIT_CONVERSION = YES;
				GCC_WARN_ABOUT_RETURN_TYPE = YES_ERROR;
				GCC_WARN_UNDECLARED_SELECTOR = YES;
				GCC_WARN_UNINITIALIZED_AUTOS = YES_AGGRESSIVE;
				GCC_WARN_UNUSED_FUNCTION = YES;
				GCC_WARN_UNUSED_VARIABLE = YES;
				IPHONEOS_DEPLOYMENT_TARGET = 8.2;
				MTL_ENABLE_DEBUG_INFO = NO;
				SDKROOT = iphoneos;
				VALIDATE_PRODUCT = YES;
			};
			name = Release;
		};
		DF8707291C118B2100600DC5 /* Debug */ = {
			isa = XCBuildConfiguration;
			buildSettings = {
				ASSETCATALOG_COMPILER_APPICON_NAME = AppIcon;
				INFOPLIST_FILE = "好筑/Info.plist";
				LD_RUNPATH_SEARCH_PATHS = "$(inherited) @executable_path/Frameworks";
				PRODUCT_NAME = "$(TARGET_NAME)";
			};
			name = Debug;
		};
		DF87072A1C118B2100600DC5 /* Release */ = {
			isa = XCBuildConfiguration;
			buildSettings = {
				ASSETCATALOG_COMPILER_APPICON_NAME = AppIcon;
				INFOPLIST_FILE = "好筑/Info.plist";
				LD_RUNPATH_SEARCH_PATHS = "$(inherited) @executable_path/Frameworks";
				PRODUCT_NAME = "$(TARGET_NAME)";
			};
			name = Release;
		};
		DF87072C1C118B2100600DC5 /* Debug */ = {
			isa = XCBuildConfiguration;
			buildSettings = {
				BUNDLE_LOADER = "$(TEST_HOST)";
				FRAMEWORK_SEARCH_PATHS = (
					"$(SDKROOT)/Developer/Library/Frameworks",
					"$(inherited)",
				);
				GCC_PREPROCESSOR_DEFINITIONS = (
					"DEBUG=1",
					"$(inherited)",
				);
				INFOPLIST_FILE = "好筑Tests/Info.plist";
				LD_RUNPATH_SEARCH_PATHS = "$(inherited) @executable_path/Frameworks @loader_path/Frameworks";
				PRODUCT_NAME = "$(TARGET_NAME)";
				TEST_HOST = "$(BUILT_PRODUCTS_DIR)/好筑.app/好筑";
			};
			name = Debug;
		};
		DF87072D1C118B2100600DC5 /* Release */ = {
			isa = XCBuildConfiguration;
			buildSettings = {
				BUNDLE_LOADER = "$(TEST_HOST)";
				FRAMEWORK_SEARCH_PATHS = (
					"$(SDKROOT)/Developer/Library/Frameworks",
					"$(inherited)",
				);
				INFOPLIST_FILE = "好筑Tests/Info.plist";
				LD_RUNPATH_SEARCH_PATHS = "$(inherited) @executable_path/Frameworks @loader_path/Frameworks";
				PRODUCT_NAME = "$(TARGET_NAME)";
				TEST_HOST = "$(BUILT_PRODUCTS_DIR)/好筑.app/好筑";
			};
			name = Release;
		};
/* End XCBuildConfiguration section */

/* Begin XCConfigurationList section */
		DF8707001C118B2100600DC5 /* Build configuration list for PBXProject "好筑" */ = {
			isa = XCConfigurationList;
			buildConfigurations = (
				DF8707261C118B2100600DC5 /* Debug */,
				DF8707271C118B2100600DC5 /* Release */,
			);
			defaultConfigurationIsVisible = 0;
			defaultConfigurationName = Release;
		};
		DF8707281C118B2100600DC5 /* Build configuration list for PBXNativeTarget "好筑" */ = {
			isa = XCConfigurationList;
			buildConfigurations = (
				DF8707291C118B2100600DC5 /* Debug */,
				DF87072A1C118B2100600DC5 /* Release */,
			);
			defaultConfigurationIsVisible = 0;
		};
		DF87072B1C118B2100600DC5 /* Build configuration list for PBXNativeTarget "好筑Tests" */ = {
			isa = XCConfigurationList;
			buildConfigurations = (
				DF87072C1C118B2100600DC5 /* Debug */,
				DF87072D1C118B2100600DC5 /* Release */,
			);
			defaultConfigurationIsVisible = 0;
		};
/* End XCConfigurationList section */
	};
	rootObject = DF8706FD1C118B2100600DC5 /* Project object */;
}
